// !$*UTF8*$!
{
	archiveVersion = 1;
	classes = {
	};
	objectVersion = 50;
	objects = {

/* Begin PBXBuildFile section */
		AB6FBAE42212830A00746E88 /* AppDelegate.swift in Sources */ = {isa = PBXBuildFile; fileRef = AB6FBAE32212830A00746E88 /* AppDelegate.swift */; };
		AB6FBAE62212830A00746E88 /* ViewController.swift in Sources */ = {isa = PBXBuildFile; fileRef = AB6FBAE52212830A00746E88 /* ViewController.swift */; };
		AB6FBAE92212830A00746E88 /* Main.storyboard in Resources */ = {isa = PBXBuildFile; fileRef = AB6FBAE72212830A00746E88 /* Main.storyboard */; };
		AB6FBAEB2212830D00746E88 /* Assets.xcassets in Resources */ = {isa = PBXBuildFile; fileRef = AB6FBAEA2212830D00746E88 /* Assets.xcassets */; };
		AB6FBAEE2212830D00746E88 /* LaunchScreen.storyboard in Resources */ = {isa = PBXBuildFile; fileRef = AB6FBAEC2212830D00746E88 /* LaunchScreen.storyboard */; };
		AB6FBAF62212955200746E88 /* test.json in Resources */ = {isa = PBXBuildFile; fileRef = AB6FBAF52212955200746E88 /* test.json */; };
/* End PBXBuildFile section */

/* Begin PBXFileReference section */
		AB6FBAE02212830A00746E88 /* AppUpdateCheck.app */ = {isa = PBXFileReference; explicitFileType = wrapper.application; includeInIndex = 0; path = AppUpdateCheck.app; sourceTree = BUILT_PRODUCTS_DIR; };
		AB6FBAE32212830A00746E88 /* AppDelegate.swift */ = {isa = PBXFileReference; lastKnownFileType = sourcecode.swift; path = AppDelegate.swift; sourceTree = "<group>"; };
		AB6FBAE52212830A00746E88 /* ViewController.swift */ = {isa = PBXFileReference; lastKnownFileType = sourcecode.swift; path = ViewController.swift; sourceTree = "<group>"; };
		AB6FBAE82212830A00746E88 /* Base */ = {isa = PBXFileReference; lastKnownFileType = file.storyboard; name = Base; path = Base.lproj/Main.storyboard; sourceTree = "<group>"; };
		AB6FBAEA2212830D00746E88 /* Assets.xcassets */ = {isa = PBXFileReference; lastKnownFileType = folder.assetcatalog; path = Assets.xcassets; sourceTree = "<group>"; };
		AB6FBAED2212830D00746E88 /* Base */ = {isa = PBXFileReference; lastKnownFileType = file.storyboard; name = Base; path = Base.lproj/LaunchScreen.storyboard; sourceTree = "<group>"; };
		AB6FBAEF2212830D00746E88 /* Info.plist */ = {isa = PBXFileReference; lastKnownFileType = text.plist.xml; path = Info.plist; sourceTree = "<group>"; };
		AB6FBAF52212955200746E88 /* test.json */ = {isa = PBXFileReference; lastKnownFileType = text.json; path = test.json; sourceTree = "<group>"; };
/* End PBXFileReference section */

/* Begin PBXFrameworksBuildPhase section */
		AB6FBADD2212830A00746E88 /* Frameworks */ = {
			isa = PBXFrameworksBuildPhase;
			buildActionMask = 2147483647;
			files = (
			);
			runOnlyForDeploymentPostprocessing = 0;
		};
/* End PBXFrameworksBuildPhase section */

/* Begin PBXGroup section */
		AB6FBAD72212830A00746E88 = {
			isa = PBXGroup;
			children = (
				AB6FBAE22212830A00746E88 /* AppUpdateCheck */,
				AB6FBAE12212830A00746E88 /* Products */,
			);
			sourceTree = "<group>";
		};
		AB6FBAE12212830A00746E88 /* Products */ = {
			isa = PBXGroup;
			children = (
				AB6FBAE02212830A00746E88 /* AppUpdateCheck.app */,
			);
			name = Products;
			sourceTree = "<group>";
		};
		AB6FBAE22212830A00746E88 /* AppUpdateCheck */ = {
			isa = PBXGroup;
			children = (
				AB6FBAE32212830A00746E88 /* AppDelegate.swift */,
				AB6FBAE52212830A00746E88 /* ViewController.swift */,
				AB6FBAE72212830A00746E88 /* Main.storyboard */,
				AB6FBAEA2212830D00746E88 /* Assets.xcassets */,
				AB6FBAEC2212830D00746E88 /* LaunchScreen.storyboard */,
				AB6FBAEF2212830D00746E88 /* Info.plist */,
				AB6FBAF52212955200746E88 /* test.json */,
			);
			path = AppUpdateCheck;
			sourceTree = "<group>";
		};
/* End PBXGroup section */

/* Begin PBXNativeTarget section */
		AB6FBADF2212830A00746E88 /* AppUpdateCheck */ = {
			isa = PBXNativeTarget;
			buildConfigurationList = AB6FBAF22212830D00746E88 /* Build configuration list for PBXNativeTarget "AppUpdateCheck" */;
			buildPhases = (
				AB6FBADC2212830A00746E88 /* Sources */,
				AB6FBADD2212830A00746E88 /* Frameworks */,
				AB6FBADE2212830A00746E88 /* Resources */,
			);
			buildRules = (
			);
			dependencies = (
			);
			name = AppUpdateCheck;
			productName = AppUpdateCheck;
			productReference = AB6FBAE02212830A00746E88 /* AppUpdateCheck.app */;
			productType = "com.apple.product-type.application";
		};
/* End PBXNativeTarget section */

/* Begin PBXProject section */
		AB6FBAD82212830A00746E88 /* Project object */ = {
			isa = PBXProject;
			attributes = {
				LastSwiftUpdateCheck = 1010;
				LastUpgradeCheck = 1010;
				ORGANIZATIONNAME = "Yogesh Rathore";
				TargetAttributes = {
					AB6FBADF2212830A00746E88 = {
						CreatedOnToolsVersion = 10.1;
					};
				};
			};
			buildConfigurationList = AB6FBADB2212830A00746E88 /* Build configuration list for PBXProject "AppUpdateCheck" */;
			compatibilityVersion = "Xcode 9.3";
			developmentRegion = en;
			hasScannedForEncodings = 0;
			knownRegions = (
				en,
				Base,
			);
			mainGroup = AB6FBAD72212830A00746E88;
			productRefGroup = AB6FBAE12212830A00746E88 /* Products */;
			projectDirPath = "";
			projectRoot = "";
			targets = (
				AB6FBADF2212830A00746E88 /* AppUpdateCheck */,
			);
		};
/* End PBXProject section */

/* Begin PBXResourcesBuildPhase section */
		AB6FBADE2212830A00746E88 /* Resources */ = {
			isa = PBXResourcesBuildPhase;
			buildActionMask = 2147483647;
			files = (
				AB6FBAEE2212830D00746E88 /* LaunchScreen.storyboard in Resources */,
				AB6FBAF62212955200746E88 /* test.json in Resources */,
				AB6FBAEB2212830D00746E88 /* Assets.xcassets in Resources */,
				AB6FBAE92212830A00746E88 /* Main.storyboard in Resources */,
			);
			runOnlyForDeploymentPostprocessing = 0;
		};
/* End PBXResourcesBuildPhase section */

/* Begin PBXSourcesBuildPhase section */
		AB6FBADC2212830A00746E88 /* Sources */ = {
			isa = PBXSourcesBuildPhase;
			buildActionMask = 2147483647;
			files = (
				AB6FBAE62212830A00746E88 /* ViewController.swift in Sources */,
				AB6FBAE42212830A00746E88 /* AppDelegate.swift in Sources */,
			);
			runOnlyForDeploymentPostprocessing = 0;
		};
/* End PBXSourcesBuildPhase section */

/* Begin PBXVariantGroup section */
		AB6FBAE72212830A00746E88 /* Main.storyboard */ = {
			isa = PBXVariantGroup;
			children = (
				AB6FBAE82212830A00746E88 /* Base */,
			);
			name = Main.storyboard;
			sourceTree = "<group>";
		};
		AB6FBAEC2212830D00746E88 /* LaunchScreen.storyboard */ = {
			isa = PBXVariantGroup;
			children = (
				AB6FBAED2212830D00746E88 /* Base */,
			);
			name = LaunchScreen.storyboard;
			sourceTree = "<group>";
		};
/* End PBXVariantGroup section */

/* Begin XCBuildConfiguration section */
		AB6FBAF02212830D00746E88 /* Debug */ = {
			isa = XCBuildConfiguration;
			buildSettings = {
				ALWAYS_SEARCH_USER_PATHS = NO;
				CLANG_ANALYZER_NONNULL = YES;
				CLANG_ANALYZER_NUMBER_OBJECT_CONVERSION = YES_AGGRESSIVE;
				CLANG_CXX_LANGUAGE_STANDARD = "gnu++14";
				CLANG_CXX_LIBRARY = "libc++";
				CLANG_ENABLE_MODULES = YES;
				CLANG_ENABLE_OBJC_ARC = YES;
				CLANG_ENABLE_OBJC_WEAK = YES;
				CLANG_WARN_BLOCK_CAPTURE_AUTORELEASING = YES;
				CLANG_WARN_BOOL_CONVERSION = YES;
				CLANG_WARN_COMMA = YES;
				CLANG_WARN_CONSTANT_CONVERSION = YES;
				CLANG_WARN_DEPRECATED_OBJC_IMPLEMENTATIONS = YES;
				CLANG_WARN_DIRECT_OBJC_ISA_USAGE = YES_ERROR;
				CLANG_WARN_DOCUMENTATION_COMMENTS = YES;
				CLANG_WARN_EMPTY_BODY = YES;
				CLANG_WARN_ENUM_CONVERSION = YES;
				CLANG_WARN_INFINITE_RECURSION = YES;
				CLANG_WARN_INT_CONVERSION = YES;
				CLANG_WARN_NON_LITERAL_NULL_CONVERSION = YES;
				CLANG_WARN_OBJC_IMPLICIT_RETAIN_SELF = YES;
				CLANG_WARN_OBJC_LITERAL_CONVERSION = YES;
				CLANG_WARN_OBJC_ROOT_CLASS = YES_ERROR;
				CLANG_WARN_RANGE_LOOP_ANALYSIS = YES;
				CLANG_WARN_STRICT_PROTOTYPES = YES;
				CLANG_WARN_SUSPICIOUS_MOVE = YES;
				CLANG_WARN_UNGUARDED_AVAILABILITY = YES_AGGRESSIVE;
				CLANG_WARN_UNREACHABLE_CODE = YES;
				CLANG_WARN__DUPLICATE_METHOD_MATCH = YES;
				CODE_SIGN_IDENTITY = "iPhone Developer";
				COPY_PHASE_STRIP = NO;
				DEBUG_INFORMATION_FORMAT = dwarf;
				ENABLE_STRICT_OBJC_MSGSEND = YES;
				ENABLE_TESTABILITY = YES;
				GCC_C_LANGUAGE_STANDARD = gnu11;
				GCC_DYNAMIC_NO_PIC = NO;
				GCC_NO_COMMON_BLOCKS = YES;
				GCC_OPTIMIZATION_LEVEL = 0;
				GCC_PREPROCESSOR_DEFINITIONS = (
					"DEBUG=1",
					"$(inherited)",
				);
				GCC_WARN_64_TO_32_BIT_CONVERSION = YES;
				GCC_WARN_ABOUT_RETURN_TYPE = YES_ERROR;
				GCC_WARN_UNDECLARED_SELECTOR = YES;
				GCC_WARN_UNINITIALIZED_AUTOS = YES_AGGRESSIVE;
				GCC_WARN_UNUSED_FUNCTION = YES;
				GCC_WARN_UNUSED_VARIABLE = YES;
				IPHONEOS_DEPLOYMENT_TARGET = 12.1;
				MTL_ENABLE_DEBUG_INFO = INCLUDE_SOURCE;
				MTL_FAST_MATH = YES;
				ONLY_ACTIVE_ARCH = YES;
				SDKROOT = iphoneos;
				SWIFT_ACTIVE_COMPILATION_CONDITIONS = DEBUG;
				SWIFT_OPTIMIZATION_LEVEL = "-Onone";
			};
			name = Debug;
		};
		AB6FBAF12212830D00746E88 /* Release */ = {
			isa = XCBuildConfiguration;
			buildSettings = {
				ALWAYS_SEARCH_USER_PATHS = NO;
				CLANG_ANALYZER_NONNULL = YES;
				CLANG_ANALYZER_NUMBER_OBJECT_CONVERSION = YES_AGGRESSIVE;
				CLANG_CXX_LANGUAGE_STANDARD = "gnu++14";
				CLANG_CXX_LIBRARY = "libc++";
				CLANG_ENABLE_MODULES = YES;
				CLANG_ENABLE_OBJC_ARC = YES;
				CLANG_ENABLE_OBJC_WEAK = YES;
				CLANG_WARN_BLOCK_CAPTURE_AUTORELEASING = YES;
				CLANG_WARN_BOOL_CONVERSION = YES;
				CLANG_WARN_COMMA = YES;
				CLANG_WARN_CONSTANT_CONVERSION = YES;
				CLANG_WARN_DEPRECATED_OBJC_IMPLEMENTATIONS = YES;
				CLANG_WARN_DIRECT_OBJC_ISA_USAGE = YES_ERROR;
				CLANG_WARN_DOCUMENTATION_COMMENTS = YES;
				CLANG_WARN_EMPTY_BODY = YES;
				CLANG_WARN_ENUM_CONVERSION = YES;
				CLANG_WARN_INFINITE_RECURSION = YES;
				CLANG_WARN_INT_CONVERSION = YES;
				CLANG_WARN_NON_LITERAL_NULL_CONVERSION = YES;
				CLANG_WARN_OBJC_IMPLICIT_RETAIN_SELF = YES;
				CLANG_WARN_OBJC_LITERAL_CONVERSION = YES;
				CLANG_WARN_OBJC_ROOT_CLASS = YES_ERROR;
				CLANG_WARN_RANGE_LOOP_ANALYSIS = YES;
				CLANG_WARN_STRICT_PROTOTYPES = YES;
				CLANG_WARN_SUSPICIOUS_MOVE = YES;
				CLANG_WARN_UNGUARDED_AVAILABILITY = YES_AGGRESSIVE;
				CLANG_WARN_UNREACHABLE_CODE = YES;
				CLANG_WARN__DUPLICATE_METHOD_MATCH = YES;
				CODE_SIGN_IDENTITY = "iPhone Developer";
				COPY_PHASE_STRIP = NO;
				DEBUG_INFORMATION_FORMAT = "dwarf-with-dsym";
				ENABLE_NS_ASSERTIONS = NO;
				ENABLE_STRICT_OBJC_MSGSEND = YES;
				GCC_C_LANGUAGE_STANDARD = gnu11;
				GCC_NO_COMMON_BLOCKS = YES;
				GCC_WARN_64_TO_32_BIT_CONVERSION = YES;
				GCC_WARN_ABOUT_RETURN_TYPE = YES_ERROR;
				GCC_WARN_UNDECLARED_SELECTOR = YES;
				GCC_WARN_UNINITIALIZED_AUTOS = YES_AGGRESSIVE;
				GCC_WARN_UNUSED_FUNCTION = YES;
				GCC_WARN_UNUSED_VARIABLE = YES;
				IPHONEOS_DEPLOYMENT_TARGET = 12.1;
				MTL_ENABLE_DEBUG_INFO = NO;
				MTL_FAST_MATH = YES;
				SDKROOT = iphoneos;
				SWIFT_COMPILATION_MODE = wholemodule;
				SWIFT_OPTIMIZATION_LEVEL = "-O";
				VALIDATE_PRODUCT = YES;
			};
			name = Release;
		};
		AB6FBAF32212830D00746E88 /* Debug */ = {
			isa = XCBuildConfiguration;
			buildSettings = {
				ASSETCATALOG_COMPILER_APPICON_NAME = AppIcon;
				CODE_SIGN_STYLE = Automatic;
				DEVELOPMENT_TEAM = 3Y9X3FMY6G;
				INFOPLIST_FILE = AppUpdateCheck/Info.plist;
				LD_RUNPATH_SEARCH_PATHS = (
					"$(inherited)",
					"@executable_path/Frameworks",
				);
				PRODUCT_BUNDLE_IDENTIFIER = com.nissandigital.AppUpdateCheck;
				PRODUCT_NAME = "$(TARGET_NAME)";
				SWIFT_VERSION = 4.2;
				TARGETED_DEVICE_FAMILY = "1,2";
			};
			name = Debug;
		};
		AB6FBAF42212830D00746E88 /* Release */ = {
			isa = XCBuildConfiguration;
			buildSettings = {
				ASSETCATALOG_COMPILER_APPICON_NAME = AppIcon;
				CODE_SIGN_STYLE = Automatic;
				DEVELOPMENT_TEAM = 3Y9X3FMY6G;
				INFOPLIST_FILE = AppUpdateCheck/Info.plist;
				LD_RUNPATH_SEARCH_PATHS = (
					"$(inherited)",
					"@executable_path/Frameworks",
				);
				PRODUCT_BUNDLE_IDENTIFIER = com.nissandigital.AppUpdateCheck;
				PRODUCT_NAME = "$(TARGET_NAME)";
				SWIFT_VERSION = 4.2;
				TARGETED_DEVICE_FAMILY = "1,2";
			};
			name = Release;
		};
/* End XCBuildConfiguration section */

/* Begin XCConfigurationList section */
		AB6FBADB2212830A00746E88 /* Build configuration list for PBXProject "AppUpdateCheck" */ = {
			isa = XCConfigurationList;
			buildConfigurations = (
				AB6FBAF02212830D00746E88 /* Debug */,
				AB6FBAF12212830D00746E88 /* Release */,
			);
			defaultConfigurationIsVisible = 0;
			defaultConfigurationName = Release;
		};
		AB6FBAF22212830D00746E88 /* Build configuration list for PBXNativeTarget "AppUpdateCheck" */ = {
			isa = XCConfigurationList;
			buildConfigurations = (
				AB6FBAF32212830D00746E88 /* Debug */,
				AB6FBAF42212830D00746E88 /* Release */,
			);
			defaultConfigurationIsVisible = 0;
			defaultConfigurationName = Release;
		};
/* End XCConfigurationList section */
	};
	rootObject = AB6FBAD82212830A00746E88 /* Project object */;
}
